
Microsoft Visual Studio Solution File, Format Version 12.00
# Visual Studio Version 17
VisualStudioVersion = 17.5.33414.496
MinimumVisualStudioVersion = 10.0.40219.1
Project("{9A19103F-16F7-4668-BE54-9A1E7A4F7556}") = "01.GoTo", "Loops\01.GoTo.csproj", "{044064E9-584D-42E4-98AC-9DE5885A9195}"
EndProject
Project("{9A19103F-16F7-4668-BE54-9A1E7A4F7556}") = "02.GoTo", "02.GoTo\02.GoTo.csproj", "{992E7A4F-6C22-4CD7-A38C-684160128BF8}"
EndProject
Project("{9A19103F-16F7-4668-BE54-9A1E7A4F7556}") = "03.GoTo", "03.GoTo\03.GoTo.csproj", "{7862D274-180F-4486-AB0C-F584A9ACF128}"
EndProject
Project("{9A19103F-16F7-4668-BE54-9A1E7A4F7556}") = "04_Problem", "04_Problem\04_Problem.csproj", "{730CF9DF-4F83-4460-9317-D536432BCA81}"
EndProject
Project("{9A19103F-16F7-4668-BE54-9A1E7A4F7556}") = "05_While", "05_While\05_While.csproj", "{3C4B8EB1-9D29-4F1E-B5E4-E2A78A4F460B}"
EndProject
Project("{9A19103F-16F7-4668-BE54-9A1E7A4F7556}") = "06_While", "06_While\06_While.csproj", "{C135E61C-F0AD-4DE2-AF62-6384E068A04D}"
EndProject
Project("{9A19103F-16F7-4668-BE54-9A1E7A4F7556}") = "07_Break", "07_Break\07_Break.csproj", "{5DC15905-D985-4EEA-AC39-3AC6F3E7602B}"
EndProject
Project("{9A19103F-16F7-4668-BE54-9A1E7A4F7556}") = "08_Continue", "08_Continue\08_Continue.csproj", "{B8FB3EC8-28E6-4516-A72F-1807455058C4}"
EndProject
Project("{9A19103F-16F7-4668-BE54-9A1E7A4F7556}") = "09_Continue", "09_Continue\09_Continue.csproj", "{090DA5CB-A6F8-47AE-9941-40713D61C96C}"
EndProject
Project("{FAE04EC0-301F-11D3-BF4B-00C04F79EFBC}") = "10_Break", "10_Break\10_Break.csproj", "{2D958853-645E-4A18-BD4F-CDF4485E2ABA}"
EndProject
Project("{FAE04EC0-301F-11D3-BF4B-00C04F79EFBC}") = "11_MultiplicationTable", "11_MultiplicationTable\11_MultiplicationTable.csproj", "{4A72D885-EBB4-43CB-A4D4-96F011F78858}"
EndProject
Project("{FAE04EC0-301F-11D3-BF4B-00C04F79EFBC}") = "12.GuessTheColor", "12.GuessTheColor\12.GuessTheColor.csproj", "{432C27FB-4DC3-458D-851C-5BB46030AF91}"
EndProject
Project("{FAE04EC0-301F-11D3-BF4B-00C04F79EFBC}") = "13.WhileAuth", "13.WhileAuth\13.WhileAuth.csproj", "{3AEB6103-D59E-4F44-B155-98ADEAEA9558}"
EndProject
Project("{FAE04EC0-301F-11D3-BF4B-00C04F79EFBC}") = "14.DoWhile", "14.DoWhile\14.DoWhile.csproj", "{F87846F7-6F64-4FCC-8324-C521FB87E38E}"
EndProject
Project("{FAE04EC0-301F-11D3-BF4B-00C04F79EFBC}") = "15.DoWhile", "15.DoWhile\15.DoWhile.csproj", "{56B9B37B-D778-4DA5-ACC8-09D54B73AEA0}"
EndProject
Project("{FAE04EC0-301F-11D3-BF4B-00C04F79EFBC}") = "16.DoWhile", "16.DoWhile\16.DoWhile.csproj", "{5FFB0AE1-059C-433A-8570-FF8A7ED28438}"
EndProject
Project("{FAE04EC0-301F-11D3-BF4B-00C04F79EFBC}") = "17_Factorial", "17_Factorial\17_Factorial.csproj", "{46BA82E8-D547-4FA7-A73F-A2D7407FF422}"
EndProject
Project("{FAE04EC0-301F-11D3-BF4B-00C04F79EFBC}") = "18.For", "18.For\18.For.csproj", "{362D6439-E2F0-4DB4-BF00-03EAAD8C6FAC}"
EndProject
Project("{FAE04EC0-301F-11D3-BF4B-00C04F79EFBC}") = "19.For", "19.For\19.For.csproj", "{C9D5B7E7-2784-48E6-86E8-E80D6F47030C}"
EndProject
Project("{FAE04EC0-301F-11D3-BF4B-00C04F79EFBC}") = "20.For", "20.For\20.For.csproj", "{2D297A9D-2FFA-49C0-8289-161DE2A9183C}"
EndProject
Project("{FAE04EC0-301F-11D3-BF4B-00C04F79EFBC}") = "21.ForIn", "21.ForIn\21.ForIn.csproj", "{7FA346E6-74E3-497D-AED4-3A00CA933A4A}"
EndProject
Project("{FAE04EC0-301F-11D3-BF4B-00C04F79EFBC}") = "22.EndlessLoop", "EndlessLoop\22.EndlessLoop.csproj", "{204EB4B4-79F7-41FA-B637-5A4AB2587478}"
EndProject
Project("{FAE04EC0-301F-11D3-BF4B-00C04F79EFBC}") = "23.ExtendedForLoop", "23.ExtendedForLoop\23.ExtendedForLoop.csproj", "{0EC5671E-C83A-4C4E-B614-DE81180801BC}"
EndProject
Project("{FAE04EC0-301F-11D3-BF4B-00C04F79EFBC}") = "24.ExtendedLoop", "24.ExtendedLoop\24.ExtendedLoop.csproj", "{45F6FFF0-09BB-43B1-9D0A-77659B4FD66B}"
EndProject
Project("{FAE04EC0-301F-11D3-BF4B-00C04F79EFBC}") = "25.Tasks", "25.Tasks\25.Tasks.csproj", "{EA0120BF-3B8F-4354-88F3-00D09A2C87C6}"
EndProject
Global
	GlobalSection(SolutionConfigurationPlatforms) = preSolution
		Debug|Any CPU = Debug|Any CPU
		Release|Any CPU = Release|Any CPU
	EndGlobalSection
	GlobalSection(ProjectConfigurationPlatforms) = postSolution
		{044064E9-584D-42E4-98AC-9DE5885A9195}.Debug|Any CPU.ActiveCfg = Debug|Any CPU
		{044064E9-584D-42E4-98AC-9DE5885A9195}.Debug|Any CPU.Build.0 = Debug|Any CPU
		{044064E9-584D-42E4-98AC-9DE5885A9195}.Release|Any CPU.ActiveCfg = Release|Any CPU
		{044064E9-584D-42E4-98AC-9DE5885A9195}.Release|Any CPU.Build.0 = Release|Any CPU
		{992E7A4F-6C22-4CD7-A38C-684160128BF8}.Debug|Any CPU.ActiveCfg = Debug|Any CPU
		{992E7A4F-6C22-4CD7-A38C-684160128BF8}.Debug|Any CPU.Build.0 = Debug|Any CPU
		{992E7A4F-6C22-4CD7-A38C-684160128BF8}.Release|Any CPU.ActiveCfg = Release|Any CPU
		{992E7A4F-6C22-4CD7-A38C-684160128BF8}.Release|Any CPU.Build.0 = Release|Any CPU
		{7862D274-180F-4486-AB0C-F584A9ACF128}.Debug|Any CPU.ActiveCfg = Debug|Any CPU
		{7862D274-180F-4486-AB0C-F584A9ACF128}.Debug|Any CPU.Build.0 = Debug|Any CPU
		{7862D274-180F-4486-AB0C-F584A9ACF128}.Release|Any CPU.ActiveCfg = Release|Any CPU
		{7862D274-180F-4486-AB0C-F584A9ACF128}.Release|Any CPU.Build.0 = Release|Any CPU
		{730CF9DF-4F83-4460-9317-D536432BCA81}.Debug|Any CPU.ActiveCfg = Debug|Any CPU
		{730CF9DF-4F83-4460-9317-D536432BCA81}.Debug|Any CPU.Build.0 = Debug|Any CPU
		{730CF9DF-4F83-4460-9317-D536432BCA81}.Release|Any CPU.ActiveCfg = Release|Any CPU
		{730CF9DF-4F83-4460-9317-D536432BCA81}.Release|Any CPU.Build.0 = Release|Any CPU
		{3C4B8EB1-9D29-4F1E-B5E4-E2A78A4F460B}.Debug|Any CPU.ActiveCfg = Debug|Any CPU
		{3C4B8EB1-9D29-4F1E-B5E4-E2A78A4F460B}.Debug|Any CPU.Build.0 = Debug|Any CPU
		{3C4B8EB1-9D29-4F1E-B5E4-E2A78A4F460B}.Release|Any CPU.ActiveCfg = Release|Any CPU
		{3C4B8EB1-9D29-4F1E-B5E4-E2A78A4F460B}.Release|Any CPU.Build.0 = Release|Any CPU
		{C135E61C-F0AD-4DE2-AF62-6384E068A04D}.Debug|Any CPU.ActiveCfg = Debug|Any CPU
		{C135E61C-F0AD-4DE2-AF62-6384E068A04D}.Debug|Any CPU.Build.0 = Debug|Any CPU
		{C135E61C-F0AD-4DE2-AF62-6384E068A04D}.Release|Any CPU.ActiveCfg = Release|Any CPU
		{C135E61C-F0AD-4DE2-AF62-6384E068A04D}.Release|Any CPU.Build.0 = Release|Any CPU
		{5DC15905-D985-4EEA-AC39-3AC6F3E7602B}.Debug|Any CPU.ActiveCfg = Debug|Any CPU
		{5DC15905-D985-4EEA-AC39-3AC6F3E7602B}.Debug|Any CPU.Build.0 = Debug|Any CPU
		{5DC15905-D985-4EEA-AC39-3AC6F3E7602B}.Release|Any CPU.ActiveCfg = Release|Any CPU
		{5DC15905-D985-4EEA-AC39-3AC6F3E7602B}.Release|Any CPU.Build.0 = Release|Any CPU
		{B8FB3EC8-28E6-4516-A72F-1807455058C4}.Debug|Any CPU.ActiveCfg = Debug|Any CPU
		{B8FB3EC8-28E6-4516-A72F-1807455058C4}.Debug|Any CPU.Build.0 = Debug|Any CPU
		{B8FB3EC8-28E6-4516-A72F-1807455058C4}.Release|Any CPU.ActiveCfg = Release|Any CPU
		{B8FB3EC8-28E6-4516-A72F-1807455058C4}.Release|Any CPU.Build.0 = Release|Any CPU
		{090DA5CB-A6F8-47AE-9941-40713D61C96C}.Debug|Any CPU.ActiveCfg = Debug|Any CPU
		{090DA5CB-A6F8-47AE-9941-40713D61C96C}.Debug|Any CPU.Build.0 = Debug|Any CPU
		{090DA5CB-A6F8-47AE-9941-40713D61C96C}.Release|Any CPU.ActiveCfg = Release|Any CPU
		{090DA5CB-A6F8-47AE-9941-40713D61C96C}.Release|Any CPU.Build.0 = Release|Any CPU
		{2D958853-645E-4A18-BD4F-CDF4485E2ABA}.Debug|Any CPU.ActiveCfg = Debug|Any CPU
		{2D958853-645E-4A18-BD4F-CDF4485E2ABA}.Debug|Any CPU.Build.0 = Debug|Any CPU
		{2D958853-645E-4A18-BD4F-CDF4485E2ABA}.Release|Any CPU.ActiveCfg = Release|Any CPU
		{2D958853-645E-4A18-BD4F-CDF4485E2ABA}.Release|Any CPU.Build.0 = Release|Any CPU
		{4A72D885-EBB4-43CB-A4D4-96F011F78858}.Debug|Any CPU.ActiveCfg = Debug|Any CPU
		{4A72D885-EBB4-43CB-A4D4-96F011F78858}.Debug|Any CPU.Build.0 = Debug|Any CPU
		{4A72D885-EBB4-43CB-A4D4-96F011F78858}.Release|Any CPU.ActiveCfg = Release|Any CPU
		{4A72D885-EBB4-43CB-A4D4-96F011F78858}.Release|Any CPU.Build.0 = Release|Any CPU
		{432C27FB-4DC3-458D-851C-5BB46030AF91}.Debug|Any CPU.ActiveCfg = Debug|Any CPU
		{432C27FB-4DC3-458D-851C-5BB46030AF91}.Debug|Any CPU.Build.0 = Debug|Any CPU
		{432C27FB-4DC3-458D-851C-5BB46030AF91}.Release|Any CPU.ActiveCfg = Release|Any CPU
		{432C27FB-4DC3-458D-851C-5BB46030AF91}.Release|Any CPU.Build.0 = Release|Any CPU
		{3AEB6103-D59E-4F44-B155-98ADEAEA9558}.Debug|Any CPU.ActiveCfg = Debug|Any CPU
		{3AEB6103-D59E-4F44-B155-98ADEAEA9558}.Debug|Any CPU.Build.0 = Debug|Any CPU
		{3AEB6103-D59E-4F44-B155-98ADEAEA9558}.Release|Any CPU.ActiveCfg = Release|Any CPU
		{3AEB6103-D59E-4F44-B155-98ADEAEA9558}.Release|Any CPU.Build.0 = Release|Any CPU
		{F87846F7-6F64-4FCC-8324-C521FB87E38E}.Debug|Any CPU.ActiveCfg = Debug|Any CPU
		{F87846F7-6F64-4FCC-8324-C521FB87E38E}.Debug|Any CPU.Build.0 = Debug|Any CPU
		{F87846F7-6F64-4FCC-8324-C521FB87E38E}.Release|Any CPU.ActiveCfg = Release|Any CPU
		{F87846F7-6F64-4FCC-8324-C521FB87E38E}.Release|Any CPU.Build.0 = Release|Any CPU
		{56B9B37B-D778-4DA5-ACC8-09D54B73AEA0}.Debug|Any CPU.ActiveCfg = Debug|Any CPU
		{56B9B37B-D778-4DA5-ACC8-09D54B73AEA0}.Debug|Any CPU.Build.0 = Debug|Any CPU
		{56B9B37B-D778-4DA5-ACC8-09D54B73AEA0}.Release|Any CPU.ActiveCfg = Release|Any CPU
		{56B9B37B-D778-4DA5-ACC8-09D54B73AEA0}.Release|Any CPU.Build.0 = Release|Any CPU
		{5FFB0AE1-059C-433A-8570-FF8A7ED28438}.Debug|Any CPU.ActiveCfg = Debug|Any CPU
		{5FFB0AE1-059C-433A-8570-FF8A7ED28438}.Debug|Any CPU.Build.0 = Debug|Any CPU
		{5FFB0AE1-059C-433A-8570-FF8A7ED28438}.Release|Any CPU.ActiveCfg = Release|Any CPU
		{5FFB0AE1-059C-433A-8570-FF8A7ED28438}.Release|Any CPU.Build.0 = Release|Any CPU
		{46BA82E8-D547-4FA7-A73F-A2D7407FF422}.Debug|Any CPU.ActiveCfg = Debug|Any CPU
		{46BA82E8-D547-4FA7-A73F-A2D7407FF422}.Debug|Any CPU.Build.0 = Debug|Any CPU
		{46BA82E8-D547-4FA7-A73F-A2D7407FF422}.Release|Any CPU.ActiveCfg = Release|Any CPU
		{46BA82E8-D547-4FA7-A73F-A2D7407FF422}.Release|Any CPU.Build.0 = Release|Any CPU
		{362D6439-E2F0-4DB4-BF00-03EAAD8C6FAC}.Debug|Any CPU.ActiveCfg = Debug|Any CPU
		{362D6439-E2F0-4DB4-BF00-03EAAD8C6FAC}.Debug|Any CPU.Build.0 = Debug|Any CPU
		{362D6439-E2F0-4DB4-BF00-03EAAD8C6FAC}.Release|Any CPU.ActiveCfg = Release|Any CPU
		{362D6439-E2F0-4DB4-BF00-03EAAD8C6FAC}.Release|Any CPU.Build.0 = Release|Any CPU
		{C9D5B7E7-2784-48E6-86E8-E80D6F47030C}.Debug|Any CPU.ActiveCfg = Debug|Any CPU
		{C9D5B7E7-2784-48E6-86E8-E80D6F47030C}.Debug|Any CPU.Build.0 = Debug|Any CPU
		{C9D5B7E7-2784-48E6-86E8-E80D6F47030C}.Release|Any CPU.ActiveCfg = Release|Any CPU
		{C9D5B7E7-2784-48E6-86E8-E80D6F47030C}.Release|Any CPU.Build.0 = Release|Any CPU
		{2D297A9D-2FFA-49C0-8289-161DE2A9183C}.Debug|Any CPU.ActiveCfg = Debug|Any CPU
		{2D297A9D-2FFA-49C0-8289-161DE2A9183C}.Debug|Any CPU.Build.0 = Debug|Any CPU
		{2D297A9D-2FFA-49C0-8289-161DE2A9183C}.Release|Any CPU.ActiveCfg = Release|Any CPU
		{2D297A9D-2FFA-49C0-8289-161DE2A9183C}.Release|Any CPU.Build.0 = Release|Any CPU
		{7FA346E6-74E3-497D-AED4-3A00CA933A4A}.Debug|Any CPU.ActiveCfg = Debug|Any CPU
		{7FA346E6-74E3-497D-AED4-3A00CA933A4A}.Debug|Any CPU.Build.0 = Debug|Any CPU
		{7FA346E6-74E3-497D-AED4-3A00CA933A4A}.Release|Any CPU.ActiveCfg = Release|Any CPU
		{7FA346E6-74E3-497D-AED4-3A00CA933A4A}.Release|Any CPU.Build.0 = Release|Any CPU
		{204EB4B4-79F7-41FA-B637-5A4AB2587478}.Debug|Any CPU.ActiveCfg = Debug|Any CPU
		{204EB4B4-79F7-41FA-B637-5A4AB2587478}.Debug|Any CPU.Build.0 = Debug|Any CPU
		{204EB4B4-79F7-41FA-B637-5A4AB2587478}.Release|Any CPU.ActiveCfg = Release|Any CPU
		{204EB4B4-79F7-41FA-B637-5A4AB2587478}.Release|Any CPU.Build.0 = Release|Any CPU
		{0EC5671E-C83A-4C4E-B614-DE81180801BC}.Debug|Any CPU.ActiveCfg = Debug|Any CPU
		{0EC5671E-C83A-4C4E-B614-DE81180801BC}.Debug|Any CPU.Build.0 = Debug|Any CPU
		{0EC5671E-C83A-4C4E-B614-DE81180801BC}.Release|Any CPU.ActiveCfg = Release|Any CPU
		{0EC5671E-C83A-4C4E-B614-DE81180801BC}.Release|Any CPU.Build.0 = Release|Any CPU
		{45F6FFF0-09BB-43B1-9D0A-77659B4FD66B}.Debug|Any CPU.ActiveCfg = Debug|Any CPU
		{45F6FFF0-09BB-43B1-9D0A-77659B4FD66B}.Debug|Any CPU.Build.0 = Debug|Any CPU
		{45F6FFF0-09BB-43B1-9D0A-77659B4FD66B}.Release|Any CPU.ActiveCfg = Release|Any CPU
		{45F6FFF0-09BB-43B1-9D0A-77659B4FD66B}.Release|Any CPU.Build.0 = Release|Any CPU
		{EA0120BF-3B8F-4354-88F3-00D09A2C87C6}.Debug|Any CPU.ActiveCfg = Debug|Any CPU
		{EA0120BF-3B8F-4354-88F3-00D09A2C87C6}.Debug|Any CPU.Build.0 = Debug|Any CPU
		{EA0120BF-3B8F-4354-88F3-00D09A2C87C6}.Release|Any CPU.ActiveCfg = Release|Any CPU
		{EA0120BF-3B8F-4354-88F3-00D09A2C87C6}.Release|Any CPU.Build.0 = Release|Any CPU
	EndGlobalSection
	GlobalSection(SolutionProperties) = preSolution
		HideSolutionNode = FALSE
	EndGlobalSection
	GlobalSection(ExtensibilityGlobals) = postSolution
		SolutionGuid = {1C73850E-9B21-4C36-AC73-B6750B6499C2}
	EndGlobalSection
EndGlobal
